
Microsoft Visual Studio Solution File, Format Version 9.00
# Visual Studio 2005
Project("{94D665CA-D915-4DE1-AA53-913450A1AE2D}") = "SizeAnalyzer", "SizeAnalyzer.fsharpp", "{60736C56-6822-4028-A317-694C876BC640}"
EndProject
Global
	GlobalSection(SolutionConfigurationPlatforms) = preSolution
		Debug|Win32 = Debug|Win32
		Release|Win32 = Release|Win32
	EndGlobalSection
	GlobalSection(ProjectConfigurationPlatforms) = postSolution
		{60736C56-6822-4028-A317-694C876BC640}.Debug|Win32.ActiveCfg = Debug|Win32
		{60736C56-6822-4028-A317-694C876BC640}.Debug|Win32.Build.0 = Debug|Win32
		{60736C56-6822-4028-A317-694C876BC640}.Release|Win32.ActiveCfg = Release|Win32
		{60736C56-6822-4028-A317-694C876BC640}.Release|Win32.Build.0 = Release|Win32
	EndGlobalSection
	GlobalSection(SolutionProperties) = preSolution
		HideSolutionNode = FALSE
	EndGlobalSection
EndGlobal
