Microsoft Visual Studio Solution File, Format Version 11.00
# Visual Studio 2010
Project("{F0CD5B9D-43B4-49B3-95FA-7F4F8FAFA5C0}") = "disks", "disks\disks.phpproj", "{862F0609-B853-4314-A783-26F1579F3035}"
EndProject
Project("{F0CD5B9D-43B4-49B3-95FA-7F4F8FAFA5C0}") = "netmodules", "netmodules\netmodules.phpproj", "{CFDCE4DB-7273-4D4E-879C-4B4ED2EAB558}"
EndProject
Project("{F0CD5B9D-43B4-49B3-95FA-7F4F8FAFA5C0}") = "quadratic", "quadratic\quadratic.phpproj", "{1CFC1AAE-CAD2-4A96-972B-1CB272DE518D}"
EndProject
Project("{F0CD5B9D-43B4-49B3-95FA-7F4F8FAFA5C0}") = "Phalanger greeting", "Phalanger greeting\Phalanger greeting.phpproj", "{451F18CD-836D-4B10-825E-F06A002F3E7B}"
EndProject
Global
	GlobalSection(SolutionConfigurationPlatforms) = preSolution
		Debug|Any CPU = Debug|Any CPU
		Release|Any CPU = Release|Any CPU
	EndGlobalSection
	GlobalSection(ProjectConfigurationPlatforms) = postSolution
		{862F0609-B853-4314-A783-26F1579F3035}.Debug|Any CPU.ActiveCfg = Debug|Any CPU
		{862F0609-B853-4314-A783-26F1579F3035}.Debug|Any CPU.Build.0 = Debug|Any CPU
		{862F0609-B853-4314-A783-26F1579F3035}.Release|Any CPU.ActiveCfg = Release|Any CPU
		{862F0609-B853-4314-A783-26F1579F3035}.Release|Any CPU.Build.0 = Release|Any CPU
		{CFDCE4DB-7273-4D4E-879C-4B4ED2EAB558}.Debug|Any CPU.ActiveCfg = Debug|Any CPU
		{CFDCE4DB-7273-4D4E-879C-4B4ED2EAB558}.Debug|Any CPU.Build.0 = Debug|Any CPU
		{CFDCE4DB-7273-4D4E-879C-4B4ED2EAB558}.Release|Any CPU.ActiveCfg = Release|Any CPU
		{CFDCE4DB-7273-4D4E-879C-4B4ED2EAB558}.Release|Any CPU.Build.0 = Release|Any CPU
		{1CFC1AAE-CAD2-4A96-972B-1CB272DE518D}.Debug|Any CPU.ActiveCfg = Debug|Any CPU
		{1CFC1AAE-CAD2-4A96-972B-1CB272DE518D}.Debug|Any CPU.Build.0 = Debug|Any CPU
		{1CFC1AAE-CAD2-4A96-972B-1CB272DE518D}.Release|Any CPU.ActiveCfg = Release|Any CPU
		{1CFC1AAE-CAD2-4A96-972B-1CB272DE518D}.Release|Any CPU.Build.0 = Release|Any CPU
		{451F18CD-836D-4B10-825E-F06A002F3E7B}.Debug|Any CPU.ActiveCfg = Debug|Any CPU
		{451F18CD-836D-4B10-825E-F06A002F3E7B}.Debug|Any CPU.Build.0 = Debug|Any CPU
		{451F18CD-836D-4B10-825E-F06A002F3E7B}.Release|Any CPU.ActiveCfg = Release|Any CPU
		{451F18CD-836D-4B10-825E-F06A002F3E7B}.Release|Any CPU.Build.0 = Release|Any CPU
	EndGlobalSection
	GlobalSection(SolutionProperties) = preSolution
		HideSolutionNode = FALSE
	EndGlobalSection
EndGlobal
