Microsoft Visual Studio Solution File, Format Version 10.00
# Visual Studio 2008
Project("{FAE04EC0-301F-11D3-BF4B-00C04F79EFBC}") = "ClassLibraryExt", "ClassLibraryExt.csproj", "{C0890912-84B0-48BE-B187-1DF97EE7C2B8}"
EndProject
Global
	GlobalSection(SolutionConfigurationPlatforms) = preSolution
		Debug|Any CPU = Debug|Any CPU
		Release|Any CPU = Release|Any CPU
	EndGlobalSection
	GlobalSection(ProjectConfigurationPlatforms) = postSolution
		{C0890912-84B0-48BE-B187-1DF97EE7C2B8}.Debug|Any CPU.ActiveCfg = Debug|Any CPU
		{C0890912-84B0-48BE-B187-1DF97EE7C2B8}.Debug|Any CPU.Build.0 = Debug|Any CPU
		{C0890912-84B0-48BE-B187-1DF97EE7C2B8}.Release|Any CPU.ActiveCfg = Release|Any CPU
		{C0890912-84B0-48BE-B187-1DF97EE7C2B8}.Release|Any CPU.Build.0 = Release|Any CPU
	EndGlobalSection
	GlobalSection(SolutionProperties) = preSolution
		HideSolutionNode = FALSE
	EndGlobalSection
EndGlobal
