
Microsoft Visual Studio Solution File, Format Version 11.00
# Visual Studio 2010
Project("{2150E333-8FDC-42A3-9474-1A3956D46DE8}") = "Solution Items", "Solution Items", "{3ADF68D2-D345-4EBC-8AA6-000572C018C5}"
	ProjectSection(SolutionItems) = preProject
		LICENSE = LICENSE
	EndProjectSection
EndProject
Project("{FAE04EC0-301F-11D3-BF4B-00C04F79EFBC}") = "Extension.MySql", "Extension\Extension.MySql.csproj", "{D3C83649-9B7F-46BF-9984-FFDE06C7C2DD}"
EndProject
Project("{FAE04EC0-301F-11D3-BF4B-00C04F79EFBC}") = "MySql.Data", "MySql.Data\MySql.Data.csproj", "{C4BBA055-D216-4146-8E37-9F7FAE3392A2}"
EndProject
Global
	GlobalSection(TeamFoundationVersionControl) = preSolution
		SccNumberOfProjects = 3
		SccEnterpriseProvider = {4CA58AB2-18FA-4F8D-95D4-32DDF27D184C}
		SccTeamFoundationServer = https://team.corp.devsense.com:8443/tfs/projects
		SccLocalPath0 = .
		SccProjectUniqueName1 = Extension\\Extension.MySql.csproj
		SccProjectName1 = Extension
		SccLocalPath1 = Extension
		SccProjectUniqueName2 = MySql.Data\\MySql.Data.csproj
		SccProjectName2 = MySql.Data
		SccLocalPath2 = MySql.Data
	EndGlobalSection
	GlobalSection(SolutionConfigurationPlatforms) = preSolution
		Debug|Any CPU = Debug|Any CPU
		Release|Any CPU = Release|Any CPU
	EndGlobalSection
	GlobalSection(ProjectConfigurationPlatforms) = postSolution
		{D3C83649-9B7F-46BF-9984-FFDE06C7C2DD}.Debug|Any CPU.ActiveCfg = Debug|Any CPU
		{D3C83649-9B7F-46BF-9984-FFDE06C7C2DD}.Debug|Any CPU.Build.0 = Debug|Any CPU
		{D3C83649-9B7F-46BF-9984-FFDE06C7C2DD}.Release|Any CPU.ActiveCfg = Release|Any CPU
		{D3C83649-9B7F-46BF-9984-FFDE06C7C2DD}.Release|Any CPU.Build.0 = Release|Any CPU
		{C4BBA055-D216-4146-8E37-9F7FAE3392A2}.Debug|Any CPU.ActiveCfg = Debug|Any CPU
		{C4BBA055-D216-4146-8E37-9F7FAE3392A2}.Debug|Any CPU.Build.0 = Debug|Any CPU
		{C4BBA055-D216-4146-8E37-9F7FAE3392A2}.Release|Any CPU.ActiveCfg = Release|Any CPU
		{C4BBA055-D216-4146-8E37-9F7FAE3392A2}.Release|Any CPU.Build.0 = Release|Any CPU
	EndGlobalSection
	GlobalSection(SolutionProperties) = preSolution
		HideSolutionNode = FALSE
	EndGlobalSection
EndGlobal
