Microsoft Visual Studio Solution File, Format Version 11.00
# Visual Studio 2010
Project("{54435603-DBB4-11D2-8724-00A0C9A8B90C}") = "Installer", "..\Source\Installation\Installer (x86).vdproj", "{C2650CE5-413E-43EE-B271-2B8EDF62355E}"
EndProject
Project("{8BC9CEB8-8B4A-11D0-8D11-00A0C91BC942}") = "Installer.Bootstrapper", "..\Source\Installation\Bootstrapper\Installer.Bootstrapper.vcxproj", "{E13E051A-63A8-4E61-85B0-967621435C0C}"
EndProject
Project("{FAE04EC0-301F-11D3-BF4B-00C04F79EFBC}") = "Installer.MachineConfig", "..\Source\Installation\MachineConfig\Installer.MachineConfig.csproj", "{91D47194-D12A-4F4B-8630-396ABDFB8C56}"
EndProject
Project("{FAE04EC0-301F-11D3-BF4B-00C04F79EFBC}") = "Installer.IISSamples", "..\Source\Installation\Installer.IISSamples\Installer.IISSamples.csproj", "{E66B4117-6D1D-4A0E-99CB-4AFF3BB62594}"
EndProject
Project("{FAE04EC0-301F-11D3-BF4B-00C04F79EFBC}") = "Installer.Permissions", "..\Source\Installation\Installer.Permissions\Installer.Permissions.csproj", "{5AF5DBCC-1519-4E3D-A682-E5A4A34DB52A}"
EndProject
Project("{54435603-DBB4-11D2-8724-00A0C9A8B90C}") = "Installer.GPL", "..\Source\Installation\Installer.GPL\Installer.GPL.vdproj", "{CCEDE19F-0459-4B3E-87B4-99704538D0D7}"
EndProject
Global
	GlobalSection(TeamFoundationVersionControl) = preSolution
		SccNumberOfProjects = 7
		SccEnterpriseProvider = {4CA58AB2-18FA-4F8D-95D4-32DDF27D184C}
		SccTeamFoundationServer = https://team.corp.devsense.com:8443/tfs/projects
		SccLocalPath0 = .
		SccProjectUniqueName1 = ..\\Source\\Installation\\Installer\u0020(x86).vdproj
		SccProjectName1 = ../Source/Installation
		SccLocalPath1 = ..\\Source\\Installation
		SccProjectUniqueName2 = ..\\Source\\Installation\\Bootstrapper\\Installer.Bootstrapper.vcxproj
		SccProjectName2 = ../Source/Installation/Bootstrapper
		SccLocalPath2 = ..\\Source\\Installation\\Bootstrapper
		SccProjectUniqueName3 = ..\\Source\\Installation\\MachineConfig\\Installer.MachineConfig.csproj
		SccProjectName3 = ../Source/Installation/MachineConfig
		SccLocalPath3 = ..\\Source\\Installation\\MachineConfig
		SccProjectUniqueName4 = ..\\Source\\Installation\\Installer.IISSamples\\Installer.IISSamples.csproj
		SccProjectName4 = ../Source/Installation/Installer.IISSamples
		SccLocalPath4 = ..\\Source\\Installation\\Installer.IISSamples
		SccProjectUniqueName5 = ..\\Source\\Installation\\Installer.Permissions\\Installer.Permissions.csproj
		SccProjectName5 = ../Source/Installation/Installer.Permissions
		SccLocalPath5 = ..\\Source\\Installation\\Installer.Permissions
		SccProjectUniqueName6 = ..\\Source\\Installation\\Installer.GPL\\Installer.GPL.vdproj
		SccProjectName6 = ../Source/Installation/Installer.GPL
		SccLocalPath6 = ..\\Source\\Installation\\Installer.GPL
	EndGlobalSection
	GlobalSection(SolutionConfigurationPlatforms) = preSolution
		Debug|Any CPU = Debug|Any CPU
		Debug|Mixed Platforms = Debug|Mixed Platforms
		Debug|Win32 = Debug|Win32
		Debug|x86 = Debug|x86
		Release|Any CPU = Release|Any CPU
		Release|Mixed Platforms = Release|Mixed Platforms
		Release|Win32 = Release|Win32
		Release|x86 = Release|x86
	EndGlobalSection
	GlobalSection(ProjectConfigurationPlatforms) = postSolution
		{C2650CE5-413E-43EE-B271-2B8EDF62355E}.Debug|Any CPU.ActiveCfg = Debug
		{C2650CE5-413E-43EE-B271-2B8EDF62355E}.Debug|Any CPU.Build.0 = Debug
		{C2650CE5-413E-43EE-B271-2B8EDF62355E}.Debug|Mixed Platforms.ActiveCfg = Debug
		{C2650CE5-413E-43EE-B271-2B8EDF62355E}.Debug|Win32.ActiveCfg = Debug
		{C2650CE5-413E-43EE-B271-2B8EDF62355E}.Debug|Win32.Build.0 = Debug
		{C2650CE5-413E-43EE-B271-2B8EDF62355E}.Debug|x86.ActiveCfg = Debug
		{C2650CE5-413E-43EE-B271-2B8EDF62355E}.Debug|x86.Build.0 = Debug
		{C2650CE5-413E-43EE-B271-2B8EDF62355E}.Release|Any CPU.ActiveCfg = Release
		{C2650CE5-413E-43EE-B271-2B8EDF62355E}.Release|Any CPU.Build.0 = Release
		{C2650CE5-413E-43EE-B271-2B8EDF62355E}.Release|Mixed Platforms.ActiveCfg = Release
		{C2650CE5-413E-43EE-B271-2B8EDF62355E}.Release|Mixed Platforms.Build.0 = Release
		{C2650CE5-413E-43EE-B271-2B8EDF62355E}.Release|Win32.ActiveCfg = Release
		{C2650CE5-413E-43EE-B271-2B8EDF62355E}.Release|Win32.Build.0 = Release
		{C2650CE5-413E-43EE-B271-2B8EDF62355E}.Release|x86.ActiveCfg = Release
		{C2650CE5-413E-43EE-B271-2B8EDF62355E}.Release|x86.Build.0 = Release
		{E13E051A-63A8-4E61-85B0-967621435C0C}.Debug|Any CPU.ActiveCfg = Debug|Win32
		{E13E051A-63A8-4E61-85B0-967621435C0C}.Debug|Mixed Platforms.ActiveCfg = Debug|Win32
		{E13E051A-63A8-4E61-85B0-967621435C0C}.Debug|Mixed Platforms.Build.0 = Debug|Win32
		{E13E051A-63A8-4E61-85B0-967621435C0C}.Debug|Win32.ActiveCfg = Debug|Win32
		{E13E051A-63A8-4E61-85B0-967621435C0C}.Debug|Win32.Build.0 = Debug|Win32
		{E13E051A-63A8-4E61-85B0-967621435C0C}.Debug|x86.ActiveCfg = Debug|Win32
		{E13E051A-63A8-4E61-85B0-967621435C0C}.Release|Any CPU.ActiveCfg = Release|Win32
		{E13E051A-63A8-4E61-85B0-967621435C0C}.Release|Mixed Platforms.ActiveCfg = Release|Win32
		{E13E051A-63A8-4E61-85B0-967621435C0C}.Release|Mixed Platforms.Build.0 = Release|Win32
		{E13E051A-63A8-4E61-85B0-967621435C0C}.Release|Win32.ActiveCfg = Release|Win32
		{E13E051A-63A8-4E61-85B0-967621435C0C}.Release|Win32.Build.0 = Release|Win32
		{E13E051A-63A8-4E61-85B0-967621435C0C}.Release|x86.ActiveCfg = Release|Win32
		{91D47194-D12A-4F4B-8630-396ABDFB8C56}.Debug|Any CPU.ActiveCfg = Debug|Any CPU
		{91D47194-D12A-4F4B-8630-396ABDFB8C56}.Debug|Any CPU.Build.0 = Debug|Any CPU
		{91D47194-D12A-4F4B-8630-396ABDFB8C56}.Debug|Mixed Platforms.ActiveCfg = Debug|Any CPU
		{91D47194-D12A-4F4B-8630-396ABDFB8C56}.Debug|Mixed Platforms.Build.0 = Debug|Any CPU
		{91D47194-D12A-4F4B-8630-396ABDFB8C56}.Debug|Win32.ActiveCfg = Debug|Any CPU
		{91D47194-D12A-4F4B-8630-396ABDFB8C56}.Debug|x86.ActiveCfg = Debug|Any CPU
		{91D47194-D12A-4F4B-8630-396ABDFB8C56}.Release|Any CPU.ActiveCfg = Release|Any CPU
		{91D47194-D12A-4F4B-8630-396ABDFB8C56}.Release|Any CPU.Build.0 = Release|Any CPU
		{91D47194-D12A-4F4B-8630-396ABDFB8C56}.Release|Mixed Platforms.ActiveCfg = Release|Any CPU
		{91D47194-D12A-4F4B-8630-396ABDFB8C56}.Release|Mixed Platforms.Build.0 = Release|Any CPU
		{91D47194-D12A-4F4B-8630-396ABDFB8C56}.Release|Win32.ActiveCfg = Release|Any CPU
		{91D47194-D12A-4F4B-8630-396ABDFB8C56}.Release|x86.ActiveCfg = Release|Any CPU
		{E66B4117-6D1D-4A0E-99CB-4AFF3BB62594}.Debug|Any CPU.ActiveCfg = Debug|Any CPU
		{E66B4117-6D1D-4A0E-99CB-4AFF3BB62594}.Debug|Any CPU.Build.0 = Debug|Any CPU
		{E66B4117-6D1D-4A0E-99CB-4AFF3BB62594}.Debug|Mixed Platforms.ActiveCfg = Debug|Any CPU
		{E66B4117-6D1D-4A0E-99CB-4AFF3BB62594}.Debug|Mixed Platforms.Build.0 = Debug|Any CPU
		{E66B4117-6D1D-4A0E-99CB-4AFF3BB62594}.Debug|Win32.ActiveCfg = Debug|Any CPU
		{E66B4117-6D1D-4A0E-99CB-4AFF3BB62594}.Debug|x86.ActiveCfg = Debug|Any CPU
		{E66B4117-6D1D-4A0E-99CB-4AFF3BB62594}.Release|Any CPU.ActiveCfg = Release|Any CPU
		{E66B4117-6D1D-4A0E-99CB-4AFF3BB62594}.Release|Any CPU.Build.0 = Release|Any CPU
		{E66B4117-6D1D-4A0E-99CB-4AFF3BB62594}.Release|Mixed Platforms.ActiveCfg = Release|Any CPU
		{E66B4117-6D1D-4A0E-99CB-4AFF3BB62594}.Release|Mixed Platforms.Build.0 = Release|Any CPU
		{E66B4117-6D1D-4A0E-99CB-4AFF3BB62594}.Release|Win32.ActiveCfg = Release|Any CPU
		{E66B4117-6D1D-4A0E-99CB-4AFF3BB62594}.Release|x86.ActiveCfg = Release|Any CPU
		{5AF5DBCC-1519-4E3D-A682-E5A4A34DB52A}.Debug|Any CPU.ActiveCfg = Debug|Any CPU
		{5AF5DBCC-1519-4E3D-A682-E5A4A34DB52A}.Debug|Any CPU.Build.0 = Debug|Any CPU
		{5AF5DBCC-1519-4E3D-A682-E5A4A34DB52A}.Debug|Mixed Platforms.ActiveCfg = Debug|Any CPU
		{5AF5DBCC-1519-4E3D-A682-E5A4A34DB52A}.Debug|Mixed Platforms.Build.0 = Debug|Any CPU
		{5AF5DBCC-1519-4E3D-A682-E5A4A34DB52A}.Debug|Win32.ActiveCfg = Debug|Any CPU
		{5AF5DBCC-1519-4E3D-A682-E5A4A34DB52A}.Debug|x86.ActiveCfg = Debug|Any CPU
		{5AF5DBCC-1519-4E3D-A682-E5A4A34DB52A}.Release|Any CPU.ActiveCfg = Release|Any CPU
		{5AF5DBCC-1519-4E3D-A682-E5A4A34DB52A}.Release|Any CPU.Build.0 = Release|Any CPU
		{5AF5DBCC-1519-4E3D-A682-E5A4A34DB52A}.Release|Mixed Platforms.ActiveCfg = Release|Any CPU
		{5AF5DBCC-1519-4E3D-A682-E5A4A34DB52A}.Release|Mixed Platforms.Build.0 = Release|Any CPU
		{5AF5DBCC-1519-4E3D-A682-E5A4A34DB52A}.Release|Win32.ActiveCfg = Release|Any CPU
		{5AF5DBCC-1519-4E3D-A682-E5A4A34DB52A}.Release|x86.ActiveCfg = Release|Any CPU
		{CCEDE19F-0459-4B3E-87B4-99704538D0D7}.Debug|Any CPU.ActiveCfg = Debug
		{CCEDE19F-0459-4B3E-87B4-99704538D0D7}.Debug|Mixed Platforms.ActiveCfg = Debug
		{CCEDE19F-0459-4B3E-87B4-99704538D0D7}.Debug|Win32.ActiveCfg = Debug
		{CCEDE19F-0459-4B3E-87B4-99704538D0D7}.Debug|x86.ActiveCfg = Debug
		{CCEDE19F-0459-4B3E-87B4-99704538D0D7}.Release|Any CPU.ActiveCfg = Release
		{CCEDE19F-0459-4B3E-87B4-99704538D0D7}.Release|Mixed Platforms.ActiveCfg = Release
		{CCEDE19F-0459-4B3E-87B4-99704538D0D7}.Release|Win32.ActiveCfg = Release
		{CCEDE19F-0459-4B3E-87B4-99704538D0D7}.Release|x86.ActiveCfg = Release
	EndGlobalSection
	GlobalSection(SolutionProperties) = preSolution
		HideSolutionNode = FALSE
	EndGlobalSection
EndGlobal
