Microsoft Visual Studio Solution File, Format Version 11.00
# Visual Studio 2010
Project("{2150E333-8FDC-42A3-9474-1A3956D46DE8}") = "Solution Items", "Solution Items", "{B1BA64DC-649F-4BC5-A6DA-6649A8029B1D}"
	ProjectSection(SolutionItems) = preProject
		..\Documentation\Developer\BaseAddresses.txt = ..\Documentation\Developer\BaseAddresses.txt
		Extensions\Extensions.snk = Extensions\Extensions.snk
		Core\Emit\Linq.txt = Core\Emit\Linq.txt
		..\Deployment\Machine.config = ..\Deployment\Machine.config
	EndProjectSection
EndProject
Project("{FAE04EC0-301F-11D3-BF4B-00C04F79EFBC}") = "Core (Silverlight)", "..\Source\Core\Core (Silverlight).csproj", "{9A2867A2-981C-4B5A-A1C5-EACCC80B5148}"
	ProjectSection(ProjectDependencies) = postProject
		{DAA5AC00-A25D-4680-959C-349E564742B3} = {DAA5AC00-A25D-4680-959C-349E564742B3}
	EndProjectSection
EndProject
Project("{FAE04EC0-301F-11D3-BF4B-00C04F79EFBC}") = "ClassLibrary (Silverlight)", "..\Source\ClassLibrary\ClassLibrary (Silverlight).csproj", "{761E1265-9628-4F87-906D-414E9BEACFF3}"
EndProject
Project("{FAE04EC0-301F-11D3-BF4B-00C04F79EFBC}") = "SilverlightLoader", "..\Source\SilverlightLoader\SilverlightLoader.csproj", "{6B03A63C-277F-4C5E-B92A-CF64AA0AAF59}"
EndProject
Project("{FAE04EC0-301F-11D3-BF4B-00C04F79EFBC}") = "SilverlightLoader.Web", "..\Source\SilverlightLoader.Web\SilverlightLoader.Web.csproj", "{49BEEEB8-2EF6-4AD6-8239-DB1EE4FCF1B1}"
EndProject
Project("{8BC9CEB8-8B4A-11D0-8D11-00A0C91BC942}") = "Core.Language (Silverlight)", "..\Source\Core\MSIL\MSIL (Silverlight).vcxproj", "{DAA5AC00-A25D-4680-959C-349E564742B3}"
EndProject
Global
	GlobalSection(TeamFoundationVersionControl) = preSolution
		SccNumberOfProjects = 6
		SccEnterpriseProvider = {4CA58AB2-18FA-4F8D-95D4-32DDF27D184C}
		SccTeamFoundationServer = https://team.corp.devsense.com:8443/tfs/projects
		SccLocalPath0 = .
		SccProjectUniqueName1 = ..\\Source\\ClassLibrary\\ClassLibrary\u0020(Silverlight).csproj
		SccProjectName1 = ../Source/ClassLibrary
		SccLocalPath1 = ..\\Source\\ClassLibrary
		SccProjectUniqueName2 = ..\\Source\\Core\\Core\u0020(Silverlight).csproj
		SccProjectName2 = ../Source/Core
		SccLocalPath2 = ..\\Source\\Core
		SccProjectUniqueName3 = ..\\Source\\SilverlightLoader\\SilverlightLoader.csproj
		SccProjectName3 = ../Source/SilverlightLoader
		SccLocalPath3 = ..\\Source\\SilverlightLoader
		SccProjectUniqueName4 = ..\\Source\\SilverlightLoader.Web\\SilverlightLoader.Web.csproj
		SccProjectName4 = ../Source/SilverlightLoader.Web
		SccLocalPath4 = ..\\Source\\SilverlightLoader.Web
		SccProjectUniqueName5 = ..\\Source\\Core\\MSIL\\MSIL\u0020(Silverlight).vcxproj
		SccProjectName5 = ../Source/Core/MSIL
		SccLocalPath5 = ..\\Source\\Core\\MSIL
	EndGlobalSection
	GlobalSection(SolutionConfigurationPlatforms) = preSolution
		Debug|.NET = Debug|.NET
		Debug|Any CPU = Debug|Any CPU
		Debug|Mixed Platforms = Debug|Mixed Platforms
		Debug|Win32 = Debug|Win32
		DebugSilverlight|.NET = DebugSilverlight|.NET
		DebugSilverlight|Any CPU = DebugSilverlight|Any CPU
		DebugSilverlight|Mixed Platforms = DebugSilverlight|Mixed Platforms
		DebugSilverlight|Win32 = DebugSilverlight|Win32
		Release|.NET = Release|.NET
		Release|Any CPU = Release|Any CPU
		Release|Mixed Platforms = Release|Mixed Platforms
		Release|Win32 = Release|Win32
		ReleaseSilverlight|.NET = ReleaseSilverlight|.NET
		ReleaseSilverlight|Any CPU = ReleaseSilverlight|Any CPU
		ReleaseSilverlight|Mixed Platforms = ReleaseSilverlight|Mixed Platforms
		ReleaseSilverlight|Win32 = ReleaseSilverlight|Win32
	EndGlobalSection
	GlobalSection(ProjectConfigurationPlatforms) = postSolution
		{9A2867A2-981C-4B5A-A1C5-EACCC80B5148}.Debug|.NET.ActiveCfg = DebugSilverlight|Any CPU
		{9A2867A2-981C-4B5A-A1C5-EACCC80B5148}.Debug|Any CPU.ActiveCfg = DebugSilverlight|Any CPU
		{9A2867A2-981C-4B5A-A1C5-EACCC80B5148}.Debug|Any CPU.Build.0 = DebugSilverlight|Any CPU
		{9A2867A2-981C-4B5A-A1C5-EACCC80B5148}.Debug|Mixed Platforms.ActiveCfg = DebugSilverlight|Any CPU
		{9A2867A2-981C-4B5A-A1C5-EACCC80B5148}.Debug|Mixed Platforms.Build.0 = DebugSilverlight|Any CPU
		{9A2867A2-981C-4B5A-A1C5-EACCC80B5148}.Debug|Win32.ActiveCfg = DebugSilverlight|Any CPU
		{9A2867A2-981C-4B5A-A1C5-EACCC80B5148}.DebugSilverlight|.NET.ActiveCfg = DebugSilverlight|Any CPU
		{9A2867A2-981C-4B5A-A1C5-EACCC80B5148}.DebugSilverlight|Any CPU.ActiveCfg = DebugSilverlight|Any CPU
		{9A2867A2-981C-4B5A-A1C5-EACCC80B5148}.DebugSilverlight|Any CPU.Build.0 = DebugSilverlight|Any CPU
		{9A2867A2-981C-4B5A-A1C5-EACCC80B5148}.DebugSilverlight|Mixed Platforms.ActiveCfg = DebugSilverlight|Any CPU
		{9A2867A2-981C-4B5A-A1C5-EACCC80B5148}.DebugSilverlight|Mixed Platforms.Build.0 = DebugSilverlight|Any CPU
		{9A2867A2-981C-4B5A-A1C5-EACCC80B5148}.DebugSilverlight|Win32.ActiveCfg = DebugSilverlight|Any CPU
		{9A2867A2-981C-4B5A-A1C5-EACCC80B5148}.Release|.NET.ActiveCfg = ReleaseSilverlight|Any CPU
		{9A2867A2-981C-4B5A-A1C5-EACCC80B5148}.Release|Any CPU.ActiveCfg = ReleaseSilverlight|Any CPU
		{9A2867A2-981C-4B5A-A1C5-EACCC80B5148}.Release|Any CPU.Build.0 = ReleaseSilverlight|Any CPU
		{9A2867A2-981C-4B5A-A1C5-EACCC80B5148}.Release|Mixed Platforms.ActiveCfg = ReleaseSilverlight|Any CPU
		{9A2867A2-981C-4B5A-A1C5-EACCC80B5148}.Release|Mixed Platforms.Build.0 = ReleaseSilverlight|Any CPU
		{9A2867A2-981C-4B5A-A1C5-EACCC80B5148}.Release|Win32.ActiveCfg = ReleaseSilverlight|Any CPU
		{9A2867A2-981C-4B5A-A1C5-EACCC80B5148}.ReleaseSilverlight|.NET.ActiveCfg = ReleaseSilverlight|Any CPU
		{9A2867A2-981C-4B5A-A1C5-EACCC80B5148}.ReleaseSilverlight|Any CPU.ActiveCfg = ReleaseSilverlight|Any CPU
		{9A2867A2-981C-4B5A-A1C5-EACCC80B5148}.ReleaseSilverlight|Any CPU.Build.0 = ReleaseSilverlight|Any CPU
		{9A2867A2-981C-4B5A-A1C5-EACCC80B5148}.ReleaseSilverlight|Mixed Platforms.ActiveCfg = ReleaseSilverlight|Any CPU
		{9A2867A2-981C-4B5A-A1C5-EACCC80B5148}.ReleaseSilverlight|Mixed Platforms.Build.0 = ReleaseSilverlight|Any CPU
		{9A2867A2-981C-4B5A-A1C5-EACCC80B5148}.ReleaseSilverlight|Win32.ActiveCfg = ReleaseSilverlight|Any CPU
		{761E1265-9628-4F87-906D-414E9BEACFF3}.Debug|.NET.ActiveCfg = DebugSilverlight|Any CPU
		{761E1265-9628-4F87-906D-414E9BEACFF3}.Debug|Any CPU.ActiveCfg = DebugSilverlight|Any CPU
		{761E1265-9628-4F87-906D-414E9BEACFF3}.Debug|Any CPU.Build.0 = DebugSilverlight|Any CPU
		{761E1265-9628-4F87-906D-414E9BEACFF3}.Debug|Mixed Platforms.ActiveCfg = DebugSilverlight|Any CPU
		{761E1265-9628-4F87-906D-414E9BEACFF3}.Debug|Mixed Platforms.Build.0 = DebugSilverlight|Any CPU
		{761E1265-9628-4F87-906D-414E9BEACFF3}.Debug|Win32.ActiveCfg = DebugSilverlight|Any CPU
		{761E1265-9628-4F87-906D-414E9BEACFF3}.DebugSilverlight|.NET.ActiveCfg = DebugSilverlight|Any CPU
		{761E1265-9628-4F87-906D-414E9BEACFF3}.DebugSilverlight|Any CPU.ActiveCfg = DebugSilverlight|Any CPU
		{761E1265-9628-4F87-906D-414E9BEACFF3}.DebugSilverlight|Any CPU.Build.0 = DebugSilverlight|Any CPU
		{761E1265-9628-4F87-906D-414E9BEACFF3}.DebugSilverlight|Mixed Platforms.ActiveCfg = DebugSilverlight|Any CPU
		{761E1265-9628-4F87-906D-414E9BEACFF3}.DebugSilverlight|Mixed Platforms.Build.0 = DebugSilverlight|Any CPU
		{761E1265-9628-4F87-906D-414E9BEACFF3}.DebugSilverlight|Win32.ActiveCfg = DebugSilverlight|Any CPU
		{761E1265-9628-4F87-906D-414E9BEACFF3}.Release|.NET.ActiveCfg = ReleaseSilverlight|Any CPU
		{761E1265-9628-4F87-906D-414E9BEACFF3}.Release|Any CPU.ActiveCfg = ReleaseSilverlight|Any CPU
		{761E1265-9628-4F87-906D-414E9BEACFF3}.Release|Any CPU.Build.0 = ReleaseSilverlight|Any CPU
		{761E1265-9628-4F87-906D-414E9BEACFF3}.Release|Mixed Platforms.ActiveCfg = ReleaseSilverlight|Any CPU
		{761E1265-9628-4F87-906D-414E9BEACFF3}.Release|Mixed Platforms.Build.0 = ReleaseSilverlight|Any CPU
		{761E1265-9628-4F87-906D-414E9BEACFF3}.Release|Win32.ActiveCfg = ReleaseSilverlight|Any CPU
		{761E1265-9628-4F87-906D-414E9BEACFF3}.ReleaseSilverlight|.NET.ActiveCfg = ReleaseSilverlight|Any CPU
		{761E1265-9628-4F87-906D-414E9BEACFF3}.ReleaseSilverlight|Any CPU.ActiveCfg = ReleaseSilverlight|Any CPU
		{761E1265-9628-4F87-906D-414E9BEACFF3}.ReleaseSilverlight|Any CPU.Build.0 = ReleaseSilverlight|Any CPU
		{761E1265-9628-4F87-906D-414E9BEACFF3}.ReleaseSilverlight|Mixed Platforms.ActiveCfg = ReleaseSilverlight|Any CPU
		{761E1265-9628-4F87-906D-414E9BEACFF3}.ReleaseSilverlight|Mixed Platforms.Build.0 = ReleaseSilverlight|Any CPU
		{761E1265-9628-4F87-906D-414E9BEACFF3}.ReleaseSilverlight|Win32.ActiveCfg = ReleaseSilverlight|Any CPU
		{6B03A63C-277F-4C5E-B92A-CF64AA0AAF59}.Debug|.NET.ActiveCfg = Debug|Any CPU
		{6B03A63C-277F-4C5E-B92A-CF64AA0AAF59}.Debug|Any CPU.ActiveCfg = Debug|Any CPU
		{6B03A63C-277F-4C5E-B92A-CF64AA0AAF59}.Debug|Any CPU.Build.0 = Debug|Any CPU
		{6B03A63C-277F-4C5E-B92A-CF64AA0AAF59}.Debug|Mixed Platforms.ActiveCfg = Debug|Any CPU
		{6B03A63C-277F-4C5E-B92A-CF64AA0AAF59}.Debug|Mixed Platforms.Build.0 = Debug|Any CPU
		{6B03A63C-277F-4C5E-B92A-CF64AA0AAF59}.Debug|Win32.ActiveCfg = Debug|Any CPU
		{6B03A63C-277F-4C5E-B92A-CF64AA0AAF59}.DebugSilverlight|.NET.ActiveCfg = Debug|Any CPU
		{6B03A63C-277F-4C5E-B92A-CF64AA0AAF59}.DebugSilverlight|Any CPU.ActiveCfg = Debug|Any CPU
		{6B03A63C-277F-4C5E-B92A-CF64AA0AAF59}.DebugSilverlight|Any CPU.Build.0 = Debug|Any CPU
		{6B03A63C-277F-4C5E-B92A-CF64AA0AAF59}.DebugSilverlight|Mixed Platforms.ActiveCfg = Debug|Any CPU
		{6B03A63C-277F-4C5E-B92A-CF64AA0AAF59}.DebugSilverlight|Mixed Platforms.Build.0 = Debug|Any CPU
		{6B03A63C-277F-4C5E-B92A-CF64AA0AAF59}.DebugSilverlight|Win32.ActiveCfg = Debug|Any CPU
		{6B03A63C-277F-4C5E-B92A-CF64AA0AAF59}.Release|.NET.ActiveCfg = Release|Any CPU
		{6B03A63C-277F-4C5E-B92A-CF64AA0AAF59}.Release|Any CPU.ActiveCfg = Release|Any CPU
		{6B03A63C-277F-4C5E-B92A-CF64AA0AAF59}.Release|Any CPU.Build.0 = Release|Any CPU
		{6B03A63C-277F-4C5E-B92A-CF64AA0AAF59}.Release|Mixed Platforms.ActiveCfg = Release|Any CPU
		{6B03A63C-277F-4C5E-B92A-CF64AA0AAF59}.Release|Mixed Platforms.Build.0 = Release|Any CPU
		{6B03A63C-277F-4C5E-B92A-CF64AA0AAF59}.Release|Win32.ActiveCfg = Release|Any CPU
		{6B03A63C-277F-4C5E-B92A-CF64AA0AAF59}.ReleaseSilverlight|.NET.ActiveCfg = Release|Any CPU
		{6B03A63C-277F-4C5E-B92A-CF64AA0AAF59}.ReleaseSilverlight|Any CPU.ActiveCfg = Release|Any CPU
		{6B03A63C-277F-4C5E-B92A-CF64AA0AAF59}.ReleaseSilverlight|Any CPU.Build.0 = Release|Any CPU
		{6B03A63C-277F-4C5E-B92A-CF64AA0AAF59}.ReleaseSilverlight|Mixed Platforms.ActiveCfg = Release|Any CPU
		{6B03A63C-277F-4C5E-B92A-CF64AA0AAF59}.ReleaseSilverlight|Mixed Platforms.Build.0 = Release|Any CPU
		{6B03A63C-277F-4C5E-B92A-CF64AA0AAF59}.ReleaseSilverlight|Win32.ActiveCfg = Release|Any CPU
		{49BEEEB8-2EF6-4AD6-8239-DB1EE4FCF1B1}.Debug|.NET.ActiveCfg = Debug|Any CPU
		{49BEEEB8-2EF6-4AD6-8239-DB1EE4FCF1B1}.Debug|Any CPU.ActiveCfg = Debug|Any CPU
		{49BEEEB8-2EF6-4AD6-8239-DB1EE4FCF1B1}.Debug|Any CPU.Build.0 = Debug|Any CPU
		{49BEEEB8-2EF6-4AD6-8239-DB1EE4FCF1B1}.Debug|Mixed Platforms.ActiveCfg = Debug|Any CPU
		{49BEEEB8-2EF6-4AD6-8239-DB1EE4FCF1B1}.Debug|Mixed Platforms.Build.0 = Debug|Any CPU
		{49BEEEB8-2EF6-4AD6-8239-DB1EE4FCF1B1}.Debug|Win32.ActiveCfg = Debug|Any CPU
		{49BEEEB8-2EF6-4AD6-8239-DB1EE4FCF1B1}.DebugSilverlight|.NET.ActiveCfg = Debug|Any CPU
		{49BEEEB8-2EF6-4AD6-8239-DB1EE4FCF1B1}.DebugSilverlight|Any CPU.ActiveCfg = Debug|Any CPU
		{49BEEEB8-2EF6-4AD6-8239-DB1EE4FCF1B1}.DebugSilverlight|Any CPU.Build.0 = Debug|Any CPU
		{49BEEEB8-2EF6-4AD6-8239-DB1EE4FCF1B1}.DebugSilverlight|Mixed Platforms.ActiveCfg = Debug|Any CPU
		{49BEEEB8-2EF6-4AD6-8239-DB1EE4FCF1B1}.DebugSilverlight|Mixed Platforms.Build.0 = Debug|Any CPU
		{49BEEEB8-2EF6-4AD6-8239-DB1EE4FCF1B1}.DebugSilverlight|Win32.ActiveCfg = Debug|Any CPU
		{49BEEEB8-2EF6-4AD6-8239-DB1EE4FCF1B1}.Release|.NET.ActiveCfg = Release|Any CPU
		{49BEEEB8-2EF6-4AD6-8239-DB1EE4FCF1B1}.Release|Any CPU.ActiveCfg = Release|Any CPU
		{49BEEEB8-2EF6-4AD6-8239-DB1EE4FCF1B1}.Release|Any CPU.Build.0 = Release|Any CPU
		{49BEEEB8-2EF6-4AD6-8239-DB1EE4FCF1B1}.Release|Mixed Platforms.ActiveCfg = Release|Any CPU
		{49BEEEB8-2EF6-4AD6-8239-DB1EE4FCF1B1}.Release|Mixed Platforms.Build.0 = Release|Any CPU
		{49BEEEB8-2EF6-4AD6-8239-DB1EE4FCF1B1}.Release|Win32.ActiveCfg = Release|Any CPU
		{49BEEEB8-2EF6-4AD6-8239-DB1EE4FCF1B1}.ReleaseSilverlight|.NET.ActiveCfg = Release|Any CPU
		{49BEEEB8-2EF6-4AD6-8239-DB1EE4FCF1B1}.ReleaseSilverlight|Any CPU.ActiveCfg = Release|Any CPU
		{49BEEEB8-2EF6-4AD6-8239-DB1EE4FCF1B1}.ReleaseSilverlight|Any CPU.Build.0 = Release|Any CPU
		{49BEEEB8-2EF6-4AD6-8239-DB1EE4FCF1B1}.ReleaseSilverlight|Mixed Platforms.ActiveCfg = Release|Any CPU
		{49BEEEB8-2EF6-4AD6-8239-DB1EE4FCF1B1}.ReleaseSilverlight|Mixed Platforms.Build.0 = Release|Any CPU
		{49BEEEB8-2EF6-4AD6-8239-DB1EE4FCF1B1}.ReleaseSilverlight|Win32.ActiveCfg = Release|Any CPU
		{DAA5AC00-A25D-4680-959C-349E564742B3}.Debug|.NET.ActiveCfg = DebugSilverlight|Win32
		{DAA5AC00-A25D-4680-959C-349E564742B3}.Debug|Any CPU.ActiveCfg = DebugSilverlight|Win32
		{DAA5AC00-A25D-4680-959C-349E564742B3}.Debug|Mixed Platforms.ActiveCfg = DebugSilverlight|Win32
		{DAA5AC00-A25D-4680-959C-349E564742B3}.Debug|Mixed Platforms.Build.0 = DebugSilverlight|Win32
		{DAA5AC00-A25D-4680-959C-349E564742B3}.Debug|Win32.ActiveCfg = DebugSilverlight|Win32
		{DAA5AC00-A25D-4680-959C-349E564742B3}.Debug|Win32.Build.0 = DebugSilverlight|Win32
		{DAA5AC00-A25D-4680-959C-349E564742B3}.DebugSilverlight|.NET.ActiveCfg = DebugSilverlight|Win32
		{DAA5AC00-A25D-4680-959C-349E564742B3}.DebugSilverlight|Any CPU.ActiveCfg = DebugSilverlight|Win32
		{DAA5AC00-A25D-4680-959C-349E564742B3}.DebugSilverlight|Mixed Platforms.ActiveCfg = DebugSilverlight|Win32
		{DAA5AC00-A25D-4680-959C-349E564742B3}.DebugSilverlight|Mixed Platforms.Build.0 = DebugSilverlight|Win32
		{DAA5AC00-A25D-4680-959C-349E564742B3}.DebugSilverlight|Win32.ActiveCfg = DebugSilverlight|Win32
		{DAA5AC00-A25D-4680-959C-349E564742B3}.DebugSilverlight|Win32.Build.0 = DebugSilverlight|Win32
		{DAA5AC00-A25D-4680-959C-349E564742B3}.Release|.NET.ActiveCfg = ReleaseSilverlight|Win32
		{DAA5AC00-A25D-4680-959C-349E564742B3}.Release|Any CPU.ActiveCfg = ReleaseSilverlight|Win32
		{DAA5AC00-A25D-4680-959C-349E564742B3}.Release|Mixed Platforms.ActiveCfg = ReleaseSilverlight|Win32
		{DAA5AC00-A25D-4680-959C-349E564742B3}.Release|Mixed Platforms.Build.0 = ReleaseSilverlight|Win32
		{DAA5AC00-A25D-4680-959C-349E564742B3}.Release|Win32.ActiveCfg = ReleaseSilverlight|Win32
		{DAA5AC00-A25D-4680-959C-349E564742B3}.Release|Win32.Build.0 = ReleaseSilverlight|Win32
		{DAA5AC00-A25D-4680-959C-349E564742B3}.ReleaseSilverlight|.NET.ActiveCfg = ReleaseSilverlight|Win32
		{DAA5AC00-A25D-4680-959C-349E564742B3}.ReleaseSilverlight|Any CPU.ActiveCfg = ReleaseSilverlight|Win32
		{DAA5AC00-A25D-4680-959C-349E564742B3}.ReleaseSilverlight|Mixed Platforms.ActiveCfg = ReleaseSilverlight|Win32
		{DAA5AC00-A25D-4680-959C-349E564742B3}.ReleaseSilverlight|Mixed Platforms.Build.0 = ReleaseSilverlight|Win32
		{DAA5AC00-A25D-4680-959C-349E564742B3}.ReleaseSilverlight|Win32.ActiveCfg = ReleaseSilverlight|Win32
		{DAA5AC00-A25D-4680-959C-349E564742B3}.ReleaseSilverlight|Win32.Build.0 = ReleaseSilverlight|Win32
	EndGlobalSection
	GlobalSection(SolutionProperties) = preSolution
		HideSolutionNode = FALSE
	EndGlobalSection
	GlobalSection(SolutionNotes) = postSolution
	EndGlobalSection
EndGlobal
