
Microsoft Visual Studio Solution File, Format Version 10.00
# Visual Studio 2008
Project("{FAE04EC0-301F-11D3-BF4B-00C04F79EFBC}") = "IronPythonCompilerTask", "IronPythonCompilerTask.csproj", "{68B54816-884B-48A1-949C-DBBDE2A5C412}"
EndProject
Global
	GlobalSection(SolutionConfigurationPlatforms) = preSolution
		Debug|Any CPU = Debug|Any CPU
		Release|Any CPU = Release|Any CPU
	EndGlobalSection
	GlobalSection(ProjectConfigurationPlatforms) = postSolution
		{68B54816-884B-48A1-949C-DBBDE2A5C412}.Debug|Any CPU.ActiveCfg = Debug|Any CPU
		{68B54816-884B-48A1-949C-DBBDE2A5C412}.Debug|Any CPU.Build.0 = Debug|Any CPU
		{68B54816-884B-48A1-949C-DBBDE2A5C412}.Debug|Any CPU.Deploy.0 = Debug|Any CPU
		{68B54816-884B-48A1-949C-DBBDE2A5C412}.Release|Any CPU.ActiveCfg = Release|Any CPU
		{68B54816-884B-48A1-949C-DBBDE2A5C412}.Release|Any CPU.Build.0 = Release|Any CPU
		{68B54816-884B-48A1-949C-DBBDE2A5C412}.Release|Any CPU.Deploy.0 = Release|Any CPU
	EndGlobalSection
	GlobalSection(SolutionProperties) = preSolution
		HideSolutionNode = FALSE
	EndGlobalSection
EndGlobal
