
Microsoft Visual Studio Solution File, Format Version 11.00
# Visual Studio 2010
Project("{F0CD5B9D-43B4-49B3-95FA-7F4F8FAFA5C0}") = "WinForms", "WinForms.phpproj", "{84458198-3670-40E8-AD15-C862AD4BF88C}"
EndProject
Global
	GlobalSection(SolutionConfigurationPlatforms) = preSolution
		Debug|Any CPU = Debug|Any CPU
		Release|Any CPU = Release|Any CPU
	EndGlobalSection
	GlobalSection(ProjectConfigurationPlatforms) = postSolution
		{84458198-3670-40E8-AD15-C862AD4BF88C}.Debug|Any CPU.ActiveCfg = Debug|Any CPU
		{84458198-3670-40E8-AD15-C862AD4BF88C}.Debug|Any CPU.Build.0 = Debug|Any CPU
		{84458198-3670-40E8-AD15-C862AD4BF88C}.Release|Any CPU.ActiveCfg = Release|Any CPU
		{84458198-3670-40E8-AD15-C862AD4BF88C}.Release|Any CPU.Build.0 = Release|Any CPU
	EndGlobalSection
	GlobalSection(SolutionProperties) = preSolution
		HideSolutionNode = FALSE
	EndGlobalSection
EndGlobal
