
Microsoft Visual Studio Solution File, Format Version 11.00
# Visual Studio 2010
Project("{7FB7D0AD-ABC6-4BF8-BB4D-B2C68B00F984}") = "RegEditPHP", "RegEditPHP\RegEditPHP.phpproj", "{D5A73F0B-7DEA-4F46-879C-14913395DB11}"
EndProject
Global
	GlobalSection(TeamFoundationVersionControl) = preSolution
		SccNumberOfProjects = 2
		SccEnterpriseProvider = {4CA58AB2-18FA-4F8D-95D4-32DDF27D184C}
		SccTeamFoundationServer = https://team.corp.devsense.com:8443/tfs/projects
		SccLocalPath0 = .
		SccProjectUniqueName1 = RegEditPHP\\RegEditPHP.phpproj
		SccProjectName1 = RegEditPHP
		SccLocalPath1 = RegEditPHP
	EndGlobalSection
	GlobalSection(SolutionConfigurationPlatforms) = preSolution
		Debug|Any CPU = Debug|Any CPU
		Release|Any CPU = Release|Any CPU
	EndGlobalSection
	GlobalSection(ProjectConfigurationPlatforms) = postSolution
		{D5A73F0B-7DEA-4F46-879C-14913395DB11}.Debug|Any CPU.ActiveCfg = Debug|Any CPU
		{D5A73F0B-7DEA-4F46-879C-14913395DB11}.Debug|Any CPU.Build.0 = Debug|Any CPU
		{D5A73F0B-7DEA-4F46-879C-14913395DB11}.Release|Any CPU.ActiveCfg = Release|Any CPU
		{D5A73F0B-7DEA-4F46-879C-14913395DB11}.Release|Any CPU.Build.0 = Release|Any CPU
	EndGlobalSection
	GlobalSection(SolutionProperties) = preSolution
		HideSolutionNode = FALSE
	EndGlobalSection
EndGlobal
