Microsoft Visual Studio Solution File, Format Version 11.00
# Visual Studio 2010
Project("{FAE04EC0-301F-11D3-BF4B-00C04F79EFBC}") = "ReflectionCacheGen", "ReflectionCacheGen\ReflectionCacheGen.csproj", "{5A9756D5-34E6-4249-BED3-DDB3D87D3776}"
EndProject
Project("{FAE04EC0-301F-11D3-BF4B-00C04F79EFBC}") = "ChainGen", "ChainGen\ChainGen.csproj", "{5C044685-AC6A-4A36-9C0B-BA205A0C6305}"
EndProject
Project("{FAE04EC0-301F-11D3-BF4B-00C04F79EFBC}") = "PhpNetTester", "PhpNetTester\PhpNetTester.csproj", "{A0551766-9A49-46FD-817E-EF3181AAB0F2}"
EndProject
Project("{FAE04EC0-301F-11D3-BF4B-00C04F79EFBC}") = "ClassDynamizer", "ClassDynamizer\ClassDynamizer.csproj", "{C066E66F-321F-45C6-BCE3-F09DAABA8E9F}"
EndProject
Project("{94D665CA-D915-4DE1-AA53-913450A1AE2D}") = "SilverlightSecurityVerifier", "SilverlightSecurityVerifier\SilverlightSecurityVerifier.fsharpp", "{60736C56-6822-4028-A317-694C876BC640}"
EndProject
Project("{FAE04EC0-301F-11D3-BF4B-00C04F79EFBC}") = "PolicyFileGen", "PolicyFileGen\PolicyFileGen.csproj", "{B4D10B92-31C3-4DB5-9CD4-CBE9215AD4F0}"
EndProject
Project("{FAE04EC0-301F-11D3-BF4B-00C04F79EFBC}") = "VersionReplacer", "VersionReplacer\VersionReplacer.csproj", "{0C213A39-E376-4C9B-8A7B-E5BC8AC71DAB}"
EndProject
Project("{FAE04EC0-301F-11D3-BF4B-00C04F79EFBC}") = "CsLex", "CsLex\CsLex.csproj", "{B238564F-595A-4449-9E7A-CC181AE6E966}"
EndProject
Project("{FAE04EC0-301F-11D3-BF4B-00C04F79EFBC}") = "gppg", "gppg\gppg.csproj", "{462853ED-74F8-49FD-AD69-B098B93357E7}"
EndProject
Global
	GlobalSection(TeamFoundationVersionControl) = preSolution
		SccNumberOfProjects = 10
		SccEnterpriseProvider = {4CA58AB2-18FA-4F8D-95D4-32DDF27D184C}
		SccTeamFoundationServer = https://team.corp.devsense.com:8443/tfs/projects
		SccLocalPath0 = .
		SccProjectUniqueName1 = ReflectionCacheGen\\ReflectionCacheGen.csproj
		SccProjectName1 = ReflectionCacheGen
		SccLocalPath1 = ReflectionCacheGen
		SccProjectUniqueName2 = ChainGen\\ChainGen.csproj
		SccProjectName2 = ChainGen
		SccLocalPath2 = ChainGen
		SccProjectUniqueName3 = PhpNetTester\\PhpNetTester.csproj
		SccProjectName3 = PhpNetTester
		SccLocalPath3 = PhpNetTester
		SccProjectUniqueName4 = ClassDynamizer\\ClassDynamizer.csproj
		SccProjectName4 = ClassDynamizer
		SccLocalPath4 = ClassDynamizer
		SccProjectUniqueName5 = SilverlightSecurityVerifier\\SilverlightSecurityVerifier.fsharpp
		SccProjectName5 = SilverlightSecurityVerifier
		SccLocalPath5 = SilverlightSecurityVerifier
		SccProjectUniqueName6 = PolicyFileGen\\PolicyFileGen.csproj
		SccProjectName6 = PolicyFileGen
		SccLocalPath6 = PolicyFileGen
		SccProjectUniqueName7 = VersionReplacer\\VersionReplacer.csproj
		SccProjectName7 = VersionReplacer
		SccLocalPath7 = VersionReplacer
		SccProjectUniqueName8 = CsLex\\CsLex.csproj
		SccProjectName8 = CsLex
		SccLocalPath8 = CsLex
		SccProjectUniqueName9 = gppg\\gppg.csproj
		SccProjectName9 = gppg
		SccLocalPath9 = gppg
	EndGlobalSection
	GlobalSection(SolutionConfigurationPlatforms) = preSolution
		Debug|Any CPU = Debug|Any CPU
		Debug|Mixed Platforms = Debug|Mixed Platforms
		Debug|Win32 = Debug|Win32
		Debug|x86 = Debug|x86
		Release|Any CPU = Release|Any CPU
		Release|Mixed Platforms = Release|Mixed Platforms
		Release|Win32 = Release|Win32
		Release|x86 = Release|x86
	EndGlobalSection
	GlobalSection(ProjectConfigurationPlatforms) = postSolution
		{5A9756D5-34E6-4249-BED3-DDB3D87D3776}.Debug|Any CPU.ActiveCfg = Debug|Any CPU
		{5A9756D5-34E6-4249-BED3-DDB3D87D3776}.Debug|Mixed Platforms.ActiveCfg = Debug|Any CPU
		{5A9756D5-34E6-4249-BED3-DDB3D87D3776}.Debug|Win32.ActiveCfg = Debug|Any CPU
		{5A9756D5-34E6-4249-BED3-DDB3D87D3776}.Debug|x86.ActiveCfg = Debug|Any CPU
		{5A9756D5-34E6-4249-BED3-DDB3D87D3776}.Release|Any CPU.ActiveCfg = Release|Any CPU
		{5A9756D5-34E6-4249-BED3-DDB3D87D3776}.Release|Any CPU.Build.0 = Release|Any CPU
		{5A9756D5-34E6-4249-BED3-DDB3D87D3776}.Release|Mixed Platforms.ActiveCfg = Release|Any CPU
		{5A9756D5-34E6-4249-BED3-DDB3D87D3776}.Release|Mixed Platforms.Build.0 = Release|Any CPU
		{5A9756D5-34E6-4249-BED3-DDB3D87D3776}.Release|Win32.ActiveCfg = Release|Any CPU
		{5A9756D5-34E6-4249-BED3-DDB3D87D3776}.Release|x86.ActiveCfg = Release|Any CPU
		{5C044685-AC6A-4A36-9C0B-BA205A0C6305}.Debug|Any CPU.ActiveCfg = Debug|Any CPU
		{5C044685-AC6A-4A36-9C0B-BA205A0C6305}.Debug|Mixed Platforms.ActiveCfg = Debug|Any CPU
		{5C044685-AC6A-4A36-9C0B-BA205A0C6305}.Debug|Win32.ActiveCfg = Debug|Any CPU
		{5C044685-AC6A-4A36-9C0B-BA205A0C6305}.Debug|x86.ActiveCfg = Debug|Any CPU
		{5C044685-AC6A-4A36-9C0B-BA205A0C6305}.Release|Any CPU.ActiveCfg = Release|Any CPU
		{5C044685-AC6A-4A36-9C0B-BA205A0C6305}.Release|Any CPU.Build.0 = Release|Any CPU
		{5C044685-AC6A-4A36-9C0B-BA205A0C6305}.Release|Mixed Platforms.ActiveCfg = Release|Any CPU
		{5C044685-AC6A-4A36-9C0B-BA205A0C6305}.Release|Mixed Platforms.Build.0 = Release|Any CPU
		{5C044685-AC6A-4A36-9C0B-BA205A0C6305}.Release|Win32.ActiveCfg = Release|Any CPU
		{5C044685-AC6A-4A36-9C0B-BA205A0C6305}.Release|x86.ActiveCfg = Release|Any CPU
		{A0551766-9A49-46FD-817E-EF3181AAB0F2}.Debug|Any CPU.ActiveCfg = Debug|Any CPU
		{A0551766-9A49-46FD-817E-EF3181AAB0F2}.Debug|Any CPU.Build.0 = Debug|Any CPU
		{A0551766-9A49-46FD-817E-EF3181AAB0F2}.Debug|Mixed Platforms.ActiveCfg = Debug|Any CPU
		{A0551766-9A49-46FD-817E-EF3181AAB0F2}.Debug|Mixed Platforms.Build.0 = Debug|Any CPU
		{A0551766-9A49-46FD-817E-EF3181AAB0F2}.Debug|Win32.ActiveCfg = Debug|Any CPU
		{A0551766-9A49-46FD-817E-EF3181AAB0F2}.Debug|x86.ActiveCfg = Debug|Any CPU
		{A0551766-9A49-46FD-817E-EF3181AAB0F2}.Release|Any CPU.ActiveCfg = Release|Any CPU
		{A0551766-9A49-46FD-817E-EF3181AAB0F2}.Release|Any CPU.Build.0 = Release|Any CPU
		{A0551766-9A49-46FD-817E-EF3181AAB0F2}.Release|Mixed Platforms.ActiveCfg = Release|Any CPU
		{A0551766-9A49-46FD-817E-EF3181AAB0F2}.Release|Mixed Platforms.Build.0 = Release|Any CPU
		{A0551766-9A49-46FD-817E-EF3181AAB0F2}.Release|Win32.ActiveCfg = Release|Any CPU
		{A0551766-9A49-46FD-817E-EF3181AAB0F2}.Release|x86.ActiveCfg = Release|Any CPU
		{C066E66F-321F-45C6-BCE3-F09DAABA8E9F}.Debug|Any CPU.ActiveCfg = Debug|Any CPU
		{C066E66F-321F-45C6-BCE3-F09DAABA8E9F}.Debug|Any CPU.Build.0 = Debug|Any CPU
		{C066E66F-321F-45C6-BCE3-F09DAABA8E9F}.Debug|Mixed Platforms.ActiveCfg = Debug|Any CPU
		{C066E66F-321F-45C6-BCE3-F09DAABA8E9F}.Debug|Win32.ActiveCfg = Debug|Any CPU
		{C066E66F-321F-45C6-BCE3-F09DAABA8E9F}.Debug|x86.ActiveCfg = Debug|Any CPU
		{C066E66F-321F-45C6-BCE3-F09DAABA8E9F}.Release|Any CPU.ActiveCfg = Release|Any CPU
		{C066E66F-321F-45C6-BCE3-F09DAABA8E9F}.Release|Mixed Platforms.ActiveCfg = Release|Any CPU
		{C066E66F-321F-45C6-BCE3-F09DAABA8E9F}.Release|Mixed Platforms.Build.0 = Release|Any CPU
		{C066E66F-321F-45C6-BCE3-F09DAABA8E9F}.Release|Win32.ActiveCfg = Release|Any CPU
		{C066E66F-321F-45C6-BCE3-F09DAABA8E9F}.Release|x86.ActiveCfg = Release|Any CPU
		{60736C56-6822-4028-A317-694C876BC640}.Debug|Any CPU.ActiveCfg = Debug|Win32
		{60736C56-6822-4028-A317-694C876BC640}.Debug|Mixed Platforms.ActiveCfg = Debug|Win32
		{60736C56-6822-4028-A317-694C876BC640}.Debug|Mixed Platforms.Build.0 = Debug|Win32
		{60736C56-6822-4028-A317-694C876BC640}.Debug|Win32.ActiveCfg = Debug|Win32
		{60736C56-6822-4028-A317-694C876BC640}.Debug|Win32.Build.0 = Debug|Win32
		{60736C56-6822-4028-A317-694C876BC640}.Debug|x86.ActiveCfg = Debug|Win32
		{60736C56-6822-4028-A317-694C876BC640}.Release|Any CPU.ActiveCfg = Release|Win32
		{60736C56-6822-4028-A317-694C876BC640}.Release|Mixed Platforms.ActiveCfg = Release|Win32
		{60736C56-6822-4028-A317-694C876BC640}.Release|Mixed Platforms.Build.0 = Release|Win32
		{60736C56-6822-4028-A317-694C876BC640}.Release|Win32.ActiveCfg = Release|Win32
		{60736C56-6822-4028-A317-694C876BC640}.Release|Win32.Build.0 = Release|Win32
		{60736C56-6822-4028-A317-694C876BC640}.Release|x86.ActiveCfg = Release|Win32
		{B4D10B92-31C3-4DB5-9CD4-CBE9215AD4F0}.Debug|Any CPU.ActiveCfg = Debug|x86
		{B4D10B92-31C3-4DB5-9CD4-CBE9215AD4F0}.Debug|Mixed Platforms.ActiveCfg = Debug|x86
		{B4D10B92-31C3-4DB5-9CD4-CBE9215AD4F0}.Debug|Mixed Platforms.Build.0 = Debug|x86
		{B4D10B92-31C3-4DB5-9CD4-CBE9215AD4F0}.Debug|Win32.ActiveCfg = Debug|x86
		{B4D10B92-31C3-4DB5-9CD4-CBE9215AD4F0}.Debug|x86.ActiveCfg = Debug|x86
		{B4D10B92-31C3-4DB5-9CD4-CBE9215AD4F0}.Debug|x86.Build.0 = Debug|x86
		{B4D10B92-31C3-4DB5-9CD4-CBE9215AD4F0}.Release|Any CPU.ActiveCfg = Release|x86
		{B4D10B92-31C3-4DB5-9CD4-CBE9215AD4F0}.Release|Mixed Platforms.ActiveCfg = Release|x86
		{B4D10B92-31C3-4DB5-9CD4-CBE9215AD4F0}.Release|Mixed Platforms.Build.0 = Release|x86
		{B4D10B92-31C3-4DB5-9CD4-CBE9215AD4F0}.Release|Win32.ActiveCfg = Release|x86
		{B4D10B92-31C3-4DB5-9CD4-CBE9215AD4F0}.Release|x86.ActiveCfg = Release|x86
		{B4D10B92-31C3-4DB5-9CD4-CBE9215AD4F0}.Release|x86.Build.0 = Release|x86
		{0C213A39-E376-4C9B-8A7B-E5BC8AC71DAB}.Debug|Any CPU.ActiveCfg = Debug|x86
		{0C213A39-E376-4C9B-8A7B-E5BC8AC71DAB}.Debug|Mixed Platforms.ActiveCfg = Debug|x86
		{0C213A39-E376-4C9B-8A7B-E5BC8AC71DAB}.Debug|Mixed Platforms.Build.0 = Debug|x86
		{0C213A39-E376-4C9B-8A7B-E5BC8AC71DAB}.Debug|Win32.ActiveCfg = Debug|x86
		{0C213A39-E376-4C9B-8A7B-E5BC8AC71DAB}.Debug|x86.ActiveCfg = Debug|x86
		{0C213A39-E376-4C9B-8A7B-E5BC8AC71DAB}.Debug|x86.Build.0 = Debug|x86
		{0C213A39-E376-4C9B-8A7B-E5BC8AC71DAB}.Release|Any CPU.ActiveCfg = Release|x86
		{0C213A39-E376-4C9B-8A7B-E5BC8AC71DAB}.Release|Mixed Platforms.ActiveCfg = Release|x86
		{0C213A39-E376-4C9B-8A7B-E5BC8AC71DAB}.Release|Mixed Platforms.Build.0 = Release|x86
		{0C213A39-E376-4C9B-8A7B-E5BC8AC71DAB}.Release|Win32.ActiveCfg = Release|x86
		{0C213A39-E376-4C9B-8A7B-E5BC8AC71DAB}.Release|x86.ActiveCfg = Release|x86
		{0C213A39-E376-4C9B-8A7B-E5BC8AC71DAB}.Release|x86.Build.0 = Release|x86
		{B238564F-595A-4449-9E7A-CC181AE6E966}.Debug|Any CPU.ActiveCfg = Debug|Any CPU
		{B238564F-595A-4449-9E7A-CC181AE6E966}.Debug|Any CPU.Build.0 = Debug|Any CPU
		{B238564F-595A-4449-9E7A-CC181AE6E966}.Debug|Mixed Platforms.ActiveCfg = Debug|Any CPU
		{B238564F-595A-4449-9E7A-CC181AE6E966}.Debug|Mixed Platforms.Build.0 = Debug|Any CPU
		{B238564F-595A-4449-9E7A-CC181AE6E966}.Debug|Win32.ActiveCfg = Debug|Any CPU
		{B238564F-595A-4449-9E7A-CC181AE6E966}.Debug|x86.ActiveCfg = Debug|Any CPU
		{B238564F-595A-4449-9E7A-CC181AE6E966}.Release|Any CPU.ActiveCfg = Release|Any CPU
		{B238564F-595A-4449-9E7A-CC181AE6E966}.Release|Any CPU.Build.0 = Release|Any CPU
		{B238564F-595A-4449-9E7A-CC181AE6E966}.Release|Mixed Platforms.ActiveCfg = Release|Any CPU
		{B238564F-595A-4449-9E7A-CC181AE6E966}.Release|Mixed Platforms.Build.0 = Release|Any CPU
		{B238564F-595A-4449-9E7A-CC181AE6E966}.Release|Win32.ActiveCfg = Release|Any CPU
		{B238564F-595A-4449-9E7A-CC181AE6E966}.Release|x86.ActiveCfg = Release|Any CPU
		{462853ED-74F8-49FD-AD69-B098B93357E7}.Debug|Any CPU.ActiveCfg = Debug|Any CPU
		{462853ED-74F8-49FD-AD69-B098B93357E7}.Debug|Any CPU.Build.0 = Debug|Any CPU
		{462853ED-74F8-49FD-AD69-B098B93357E7}.Debug|Mixed Platforms.ActiveCfg = Debug|Any CPU
		{462853ED-74F8-49FD-AD69-B098B93357E7}.Debug|Mixed Platforms.Build.0 = Debug|Any CPU
		{462853ED-74F8-49FD-AD69-B098B93357E7}.Debug|Win32.ActiveCfg = Debug|Any CPU
		{462853ED-74F8-49FD-AD69-B098B93357E7}.Debug|x86.ActiveCfg = Debug|Any CPU
		{462853ED-74F8-49FD-AD69-B098B93357E7}.Release|Any CPU.ActiveCfg = Release|Any CPU
		{462853ED-74F8-49FD-AD69-B098B93357E7}.Release|Any CPU.Build.0 = Release|Any CPU
		{462853ED-74F8-49FD-AD69-B098B93357E7}.Release|Mixed Platforms.ActiveCfg = Release|Any CPU
		{462853ED-74F8-49FD-AD69-B098B93357E7}.Release|Mixed Platforms.Build.0 = Release|Any CPU
		{462853ED-74F8-49FD-AD69-B098B93357E7}.Release|Win32.ActiveCfg = Release|Any CPU
		{462853ED-74F8-49FD-AD69-B098B93357E7}.Release|x86.ActiveCfg = Release|Any CPU
	EndGlobalSection
	GlobalSection(SolutionProperties) = preSolution
		HideSolutionNode = FALSE
	EndGlobalSection
EndGlobal
