Microsoft Visual Studio Solution File, Format Version 10.00
# Visual Studio 2008
Project("{FAE04EC0-301F-11D3-BF4B-00C04F79EFBC}") = "Ming", "Ming\Ming.csproj", "{93AE8286-59AA-4B47-B33C-7BA783E032D1}"
EndProject
Project("{FAE04EC0-301F-11D3-BF4B-00C04F79EFBC}") = "Zlib", "Zlib\Zlib.csproj", "{F12A4670-4A54-4348-A6A8-BC00CD221789}"
EndProject
Project("{FAE04EC0-301F-11D3-BF4B-00C04F79EFBC}") = "Exif", "Exif\Exif.csproj", "{C466FDE8-0F6C-4AF4-9C27-91BB14930968}"
EndProject
Global
	GlobalSection(SolutionConfigurationPlatforms) = preSolution
		Debug|Any CPU = Debug|Any CPU
		Release|Any CPU = Release|Any CPU
	EndGlobalSection
	GlobalSection(ProjectConfigurationPlatforms) = postSolution
		{93AE8286-59AA-4B47-B33C-7BA783E032D1}.Debug|Any CPU.ActiveCfg = Debug|Any CPU
		{93AE8286-59AA-4B47-B33C-7BA783E032D1}.Debug|Any CPU.Build.0 = Debug|Any CPU
		{93AE8286-59AA-4B47-B33C-7BA783E032D1}.Release|Any CPU.ActiveCfg = Release|Any CPU
		{93AE8286-59AA-4B47-B33C-7BA783E032D1}.Release|Any CPU.Build.0 = Release|Any CPU
		{F12A4670-4A54-4348-A6A8-BC00CD221789}.Debug|Any CPU.ActiveCfg = Debug|Any CPU
		{F12A4670-4A54-4348-A6A8-BC00CD221789}.Debug|Any CPU.Build.0 = Debug|Any CPU
		{F12A4670-4A54-4348-A6A8-BC00CD221789}.Release|Any CPU.ActiveCfg = Release|Any CPU
		{F12A4670-4A54-4348-A6A8-BC00CD221789}.Release|Any CPU.Build.0 = Release|Any CPU
		{C466FDE8-0F6C-4AF4-9C27-91BB14930968}.Debug|Any CPU.ActiveCfg = Debug|Any CPU
		{C466FDE8-0F6C-4AF4-9C27-91BB14930968}.Debug|Any CPU.Build.0 = Debug|Any CPU
		{C466FDE8-0F6C-4AF4-9C27-91BB14930968}.Release|Any CPU.ActiveCfg = Release|Any CPU
		{C466FDE8-0F6C-4AF4-9C27-91BB14930968}.Release|Any CPU.Build.0 = Release|Any CPU
	EndGlobalSection
	GlobalSection(SolutionProperties) = preSolution
		HideSolutionNode = FALSE
	EndGlobalSection
EndGlobal
