
Microsoft Visual Studio Solution File, Format Version 11.00
# Visual Studio 2010
Project("{F0CD5B9D-43B4-49B3-95FA-7F4F8FAFA5C0}") = "LinqAndGenerics", "LinqAndGenerics.phpproj", "{DCACB7EA-DAFC-47A3-BA17-869831FC66E5}"
EndProject
Global
	GlobalSection(SolutionConfigurationPlatforms) = preSolution
		Debug|Any CPU = Debug|Any CPU
		Release|Any CPU = Release|Any CPU
	EndGlobalSection
	GlobalSection(ProjectConfigurationPlatforms) = postSolution
		{DCACB7EA-DAFC-47A3-BA17-869831FC66E5}.Debug|Any CPU.ActiveCfg = Debug|Any CPU
		{DCACB7EA-DAFC-47A3-BA17-869831FC66E5}.Debug|Any CPU.Build.0 = Debug|Any CPU
		{DCACB7EA-DAFC-47A3-BA17-869831FC66E5}.Release|Any CPU.ActiveCfg = Release|Any CPU
		{DCACB7EA-DAFC-47A3-BA17-869831FC66E5}.Release|Any CPU.Build.0 = Release|Any CPU
	EndGlobalSection
	GlobalSection(SolutionProperties) = preSolution
		HideSolutionNode = FALSE
	EndGlobalSection
EndGlobal
